{
  "originHash" : "a66af07653022c8e97c112b817b3b0d8970a30ec10d4de54102078ff956f26c3",
  "pins" : [
    {
      "identity" : "sdwebimage",
      "kind" : "remoteSourceControl",
      "location" : "https://github.com/SDWebImage/SDWebImage.git",
      "state" : {
        "revision" : "cac9a55a3ae92478a2c95042dcc8d9695d2129ca",
        "version" : "5.21.0"
      }
    }
  ],
  "version" : 3
}
